
Microsoft Visual Studio Solution File, Format Version 12.00
# Visual Studio 2013
VisualStudioVersion = 12.0.21005.1
MinimumVisualStudioVersion = 10.0.40219.1
Project("{FAE04EC0-301F-11D3-BF4B-00C04F79EFBC}") = "MsmqContract", "MsmqContract\MsmqContract.csproj", "{A1F1A24C-9FA4-4C2C-80A9-98930E9BAA2D}"
EndProject
Project("{2150E333-8FDC-42A3-9474-1A3956D46DE8}") = "Solution Items", "Solution Items", "{1EA8325F-2B14-423D-97E1-7321276DB4C9}"
	ProjectSection(SolutionItems) = preProject
		ReadMe.txt = ReadMe.txt
	EndProjectSection
EndProject
Project("{FAE04EC0-301F-11D3-BF4B-00C04F79EFBC}") = "MsmqService", "MsmqService\MsmqService.csproj", "{BE11EE1D-62F2-4B9A-AFB6-139B978B859B}"
EndProject
Project("{FAE04EC0-301F-11D3-BF4B-00C04F79EFBC}") = "MsmqClient", "MsmqClient\MsmqClient.csproj", "{205E5EEC-FD54-4F53-8418-176699A6DAFF}"
EndProject
Global
	GlobalSection(SolutionConfigurationPlatforms) = preSolution
		Debug|Any CPU = Debug|Any CPU
		Release|Any CPU = Release|Any CPU
	EndGlobalSection
	GlobalSection(ProjectConfigurationPlatforms) = postSolution
		{A1F1A24C-9FA4-4C2C-80A9-98930E9BAA2D}.Debug|Any CPU.ActiveCfg = Debug|Any CPU
		{A1F1A24C-9FA4-4C2C-80A9-98930E9BAA2D}.Debug|Any CPU.Build.0 = Debug|Any CPU
		{A1F1A24C-9FA4-4C2C-80A9-98930E9BAA2D}.Release|Any CPU.ActiveCfg = Release|Any CPU
		{A1F1A24C-9FA4-4C2C-80A9-98930E9BAA2D}.Release|Any CPU.Build.0 = Release|Any CPU
		{BE11EE1D-62F2-4B9A-AFB6-139B978B859B}.Debug|Any CPU.ActiveCfg = Debug|Any CPU
		{BE11EE1D-62F2-4B9A-AFB6-139B978B859B}.Debug|Any CPU.Build.0 = Debug|Any CPU
		{BE11EE1D-62F2-4B9A-AFB6-139B978B859B}.Release|Any CPU.ActiveCfg = Release|Any CPU
		{BE11EE1D-62F2-4B9A-AFB6-139B978B859B}.Release|Any CPU.Build.0 = Release|Any CPU
		{205E5EEC-FD54-4F53-8418-176699A6DAFF}.Debug|Any CPU.ActiveCfg = Debug|Any CPU
		{205E5EEC-FD54-4F53-8418-176699A6DAFF}.Debug|Any CPU.Build.0 = Debug|Any CPU
		{205E5EEC-FD54-4F53-8418-176699A6DAFF}.Release|Any CPU.ActiveCfg = Release|Any CPU
		{205E5EEC-FD54-4F53-8418-176699A6DAFF}.Release|Any CPU.Build.0 = Release|Any CPU
	EndGlobalSection
	GlobalSection(SolutionProperties) = preSolution
		HideSolutionNode = FALSE
	EndGlobalSection
EndGlobal
